
Microsoft Visual Studio Solution File, Format Version 12.00
# Visual Studio Version 17
VisualStudioVersion = 17.4.33403.182
MinimumVisualStudioVersion = 10.0.40219.1
Project("{FAE04EC0-301F-11D3-BF4B-00C04F79EFBC}") = "BecomeMilionareQuest1", "BecomeMilionareQuest1.csproj", "{BC564DA0-035B-4A71-9261-D64C88113ACB}"
EndProject
Global
	GlobalSection(SolutionConfigurationPlatforms) = preSolution
		Debug|Any CPU = Debug|Any CPU
		Release|Any CPU = Release|Any CPU
	EndGlobalSection
	GlobalSection(ProjectConfigurationPlatforms) = postSolution
		{BC564DA0-035B-4A71-9261-D64C88113ACB}.Debug|Any CPU.ActiveCfg = Debug|Any CPU
		{BC564DA0-035B-4A71-9261-D64C88113ACB}.Debug|Any CPU.Build.0 = Debug|Any CPU
		{BC564DA0-035B-4A71-9261-D64C88113ACB}.Release|Any CPU.ActiveCfg = Release|Any CPU
		{BC564DA0-035B-4A71-9261-D64C88113ACB}.Release|Any CPU.Build.0 = Release|Any CPU
	EndGlobalSection
	GlobalSection(SolutionProperties) = preSolution
		HideSolutionNode = FALSE
	EndGlobalSection
	GlobalSection(ExtensibilityGlobals) = postSolution
		SolutionGuid = {0E1034A4-5B48-40C2-8F44-C25FCCC4C280}
	EndGlobalSection
EndGlobal
